
Microsoft Visual Studio Solution File, Format Version 12.00
# Visual Studio Version 17
VisualStudioVersion = 17.12.35707.178 d17.12
MinimumVisualStudioVersion = 10.0.40219.1
Project("{FAE04EC0-301F-11D3-BF4B-00C04F79EFBC}") = "FileConcepts", "FileConcepts\FileConcepts.csproj", "{DB5E3D62-418A-4DED-A6D6-D3B21598CCDB}"
EndProject
Project("{2150E333-8FDC-42A3-9474-1A3956D46DE8}") = "Solution Items", "Solution Items", "{C2586A1E-514C-478D-AD8B-DC3A1DE4EED8}"
	ProjectSection(SolutionItems) = preProject
		Account.cs = Account.cs
		Program.cs = Program.cs
	EndProjectSection
EndProject
Global
	GlobalSection(SolutionConfigurationPlatforms) = preSolution
		Debug|Any CPU = Debug|Any CPU
		Release|Any CPU = Release|Any CPU
	EndGlobalSection
	GlobalSection(ProjectConfigurationPlatforms) = postSolution
		{DB5E3D62-418A-4DED-A6D6-D3B21598CCDB}.Debug|Any CPU.ActiveCfg = Debug|Any CPU
		{DB5E3D62-418A-4DED-A6D6-D3B21598CCDB}.Debug|Any CPU.Build.0 = Debug|Any CPU
		{DB5E3D62-418A-4DED-A6D6-D3B21598CCDB}.Release|Any CPU.ActiveCfg = Release|Any CPU
		{DB5E3D62-418A-4DED-A6D6-D3B21598CCDB}.Release|Any CPU.Build.0 = Release|Any CPU
	EndGlobalSection
	GlobalSection(SolutionProperties) = preSolution
		HideSolutionNode = FALSE
	EndGlobalSection
EndGlobal
